
Microsoft Visual Studio Solution File, Format Version 12.00
# Visual Studio Version 17
VisualStudioVersion = 17.13.35825.156 d17.13
MinimumVisualStudioVersion = 10.0.40219.1
Project("{FAE04EC0-301F-11D3-BF4B-00C04F79EFBC}") = "com.whitespacesws.interview.api", "com.whitespacesws.interview.api\com.whitespacesws.interview.api.csproj", "{67B5EF79-CDA3-488E-A19C-D176E3FD81D8}"
EndProject
Project("{FAE04EC0-301F-11D3-BF4B-00C04F79EFBC}") = "com.whitespacesws.interview.models", "com.whitespacesws.interview.models\com.whitespacesws.interview.models.csproj", "{C26847CF-20EA-4750-BF46-9857F76B0C4D}"
EndProject
Global
	GlobalSection(SolutionConfigurationPlatforms) = preSolution
		Debug|Any CPU = Debug|Any CPU
		Release|Any CPU = Release|Any CPU
	EndGlobalSection
	GlobalSection(ProjectConfigurationPlatforms) = postSolution
		{67B5EF79-CDA3-488E-A19C-D176E3FD81D8}.Debug|Any CPU.ActiveCfg = Debug|Any CPU
		{67B5EF79-CDA3-488E-A19C-D176E3FD81D8}.Debug|Any CPU.Build.0 = Debug|Any CPU
		{67B5EF79-CDA3-488E-A19C-D176E3FD81D8}.Release|Any CPU.ActiveCfg = Release|Any CPU
		{67B5EF79-CDA3-488E-A19C-D176E3FD81D8}.Release|Any CPU.Build.0 = Release|Any CPU
		{C26847CF-20EA-4750-BF46-9857F76B0C4D}.Debug|Any CPU.ActiveCfg = Debug|Any CPU
		{C26847CF-20EA-4750-BF46-9857F76B0C4D}.Debug|Any CPU.Build.0 = Debug|Any CPU
		{C26847CF-20EA-4750-BF46-9857F76B0C4D}.Release|Any CPU.ActiveCfg = Release|Any CPU
		{C26847CF-20EA-4750-BF46-9857F76B0C4D}.Release|Any CPU.Build.0 = Release|Any CPU
	EndGlobalSection
	GlobalSection(SolutionProperties) = preSolution
		HideSolutionNode = FALSE
	EndGlobalSection
	GlobalSection(ExtensibilityGlobals) = postSolution
		SolutionGuid = {6F1FB914-1FFB-4AD5-8488-740CB0DBB7B0}
	EndGlobalSection
EndGlobal
